
Microsoft Visual Studio Solution File, Format Version 11.00
# Visual Studio 2010
Project("{FAE04EC0-301F-11D3-BF4B-00C04F79EFBC}") = "SceneAsset", "SceneAsset.csproj", "{b0797616-5f17-87f4-0faa-83231b27f1f1}"
EndProject
Project("{FAE04EC0-301F-11D3-BF4B-00C04F79EFBC}") = "AudioManager", "AudioManager.csproj", "{b2f4a203-59d1-53d0-629f-3acdcb87993d}"
EndProject
Project("{FAE04EC0-301F-11D3-BF4B-00C04F79EFBC}") = "Assembly-CSharp", "Assembly-CSharp.csproj", "{5feedf40-1656-0751-e394-b8d8f171d819}"
EndProject
Project("{FAE04EC0-301F-11D3-BF4B-00C04F79EFBC}") = "Assembly-CSharp-firstpass", "Assembly-CSharp-firstpass.csproj", "{ef4dd598-e56f-a6b1-6d88-aff78126e90b}"
EndProject
Global
	GlobalSection(SolutionConfigurationPlatforms) = preSolution
		Debug|Any CPU = Debug|Any CPU
	EndGlobalSection
	GlobalSection(ProjectConfigurationPlatforms) = postSolution
		{b0797616-5f17-87f4-0faa-83231b27f1f1}.Debug|Any CPU.ActiveCfg = Debug|Any CPU
		{b0797616-5f17-87f4-0faa-83231b27f1f1}.Debug|Any CPU.Build.0 = Debug|Any CPU
		{b2f4a203-59d1-53d0-629f-3acdcb87993d}.Debug|Any CPU.ActiveCfg = Debug|Any CPU
		{b2f4a203-59d1-53d0-629f-3acdcb87993d}.Debug|Any CPU.Build.0 = Debug|Any CPU
		{5feedf40-1656-0751-e394-b8d8f171d819}.Debug|Any CPU.ActiveCfg = Debug|Any CPU
		{5feedf40-1656-0751-e394-b8d8f171d819}.Debug|Any CPU.Build.0 = Debug|Any CPU
		{ef4dd598-e56f-a6b1-6d88-aff78126e90b}.Debug|Any CPU.ActiveCfg = Debug|Any CPU
		{ef4dd598-e56f-a6b1-6d88-aff78126e90b}.Debug|Any CPU.Build.0 = Debug|Any CPU
	EndGlobalSection
	GlobalSection(SolutionProperties) = preSolution
		HideSolutionNode = FALSE
	EndGlobalSection
EndGlobal
